{
  "name": "v4",
  "version": "1.0.0",
  "lockfileVersion": 3,
  "requires": true,
  "packages": {
    "": {
      "name": "v4",
      "version": "1.0.0",
      "license": "ISC",
      "dependencies": {
        "zod": "^4.0.5"
      }
    },
    "node_modules/zod": {
      "version": "4.0.5",
      "resolved": "https://registry.npmjs.org/zod/-/zod-4.0.5.tgz",
      "integrity": "sha512-/5UuuRPStvHXu7RS+gmvRf4NXrNxpSllGwDnCBcJZtQsKrviYXm54yDGV2KYNLT5kq0lHGcl7lqWJLgSaG+tgA==",
      "funding": {
        "url": "https://github.com/sponsors/colinhacks"
      }
    }
  }
}
